
Microsoft Visual Studio Solution File, Format Version 12.00
# Visual Studio Version 17
VisualStudioVersion = 17.6.33723.286
MinimumVisualStudioVersion = 10.0.40219.1
Project("{FAE04EC0-301F-11D3-BF4B-00C04F79EFBC}") = "Game", "Game\Game.csproj", "{67D0132C-7DD5-4702-AB0F-8A5BD6846229}"
EndProject
Global
	GlobalSection(SolutionConfigurationPlatforms) = preSolution
		Debug|Any CPU = Debug|Any CPU
		Release|Any CPU = Release|Any CPU
	EndGlobalSection
	GlobalSection(ProjectConfigurationPlatforms) = postSolution
		{67D0132C-7DD5-4702-AB0F-8A5BD6846229}.Debug|Any CPU.ActiveCfg = Debug|Any CPU
		{67D0132C-7DD5-4702-AB0F-8A5BD6846229}.Debug|Any CPU.Build.0 = Debug|Any CPU
		{67D0132C-7DD5-4702-AB0F-8A5BD6846229}.Release|Any CPU.ActiveCfg = Release|Any CPU
		{67D0132C-7DD5-4702-AB0F-8A5BD6846229}.Release|Any CPU.Build.0 = Release|Any CPU
	EndGlobalSection
	GlobalSection(SolutionProperties) = preSolution
		HideSolutionNode = FALSE
	EndGlobalSection
	GlobalSection(ExtensibilityGlobals) = postSolution
		SolutionGuid = {C94A1AD1-9BD7-4C8F-BF5A-B8AFC65AA051}
	EndGlobalSection
EndGlobal
